// !$*UTF8*$!
{
	archiveVersion = 1;
	classes = {
	};
	objectVersion = 50;
	objects = {

/* Begin PBXBuildFile section */
		E6781FA423FD6AF900437A28 /* AppDelegate.m in Sources */ = {isa = PBXBuildFile; fileRef = E6781FA323FD6AF900437A28 /* AppDelegate.m */; };
		E6781FAA23FD6AF900437A28 /* ViewController.m in Sources */ = {isa = PBXBuildFile; fileRef = E6781FA923FD6AF900437A28 /* ViewController.m */; };
		E6781FAD23FD6AF900437A28 /* Main.storyboard in Resources */ = {isa = PBXBuildFile; fileRef = E6781FAB23FD6AF900437A28 /* Main.storyboard */; };
		E6781FAF23FD6AFD00437A28 /* Assets.xcassets in Resources */ = {isa = PBXBuildFile; fileRef = E6781FAE23FD6AFD00437A28 /* Assets.xcassets */; };
		E6781FB223FD6AFD00437A28 /* LaunchScreen.storyboard in Resources */ = {isa = PBXBuildFile; fileRef = E6781FB023FD6AFD00437A28 /* LaunchScreen.storyboard */; };
		E6781FB523FD6AFD00437A28 /* main.m in Sources */ = {isa = PBXBuildFile; fileRef = E6781FB423FD6AFD00437A28 /* main.m */; };
		E6781FC023FD6B5600437A28 /* Dictionary+URLDictionary.m in Sources */ = {isa = PBXBuildFile; fileRef = E6781FBF23FD6B5600437A28 /* Dictionary+URLDictionary.m */; };
		E6781FC323FD6BD000437A28 /* String+URLString.m in Sources */ = {isa = PBXBuildFile; fileRef = E6781FC223FD6BD000437A28 /* String+URLString.m */; };
		E6781FC923FD786100437A28 /* HPPManager.m in Sources */ = {isa = PBXBuildFile; fileRef = E6781FC823FD786100437A28 /* HPPManager.m */; };
		E6781FCC23FD796A00437A28 /* HPPViewController.m in Sources */ = {isa = PBXBuildFile; fileRef = E6781FCB23FD796A00437A28 /* HPPViewController.m */; };
/* End PBXBuildFile section */

/* Begin PBXFileReference section */
		E6781F9F23FD6AF900437A28 /* RXPiOSObjc.app */ = {isa = PBXFileReference; explicitFileType = wrapper.application; includeInIndex = 0; path = RXPiOSObjc.app; sourceTree = BUILT_PRODUCTS_DIR; };
		E6781FA223FD6AF900437A28 /* AppDelegate.h */ = {isa = PBXFileReference; lastKnownFileType = sourcecode.c.h; path = AppDelegate.h; sourceTree = "<group>"; };
		E6781FA323FD6AF900437A28 /* AppDelegate.m */ = {isa = PBXFileReference; lastKnownFileType = sourcecode.c.objc; path = AppDelegate.m; sourceTree = "<group>"; };
		E6781FA823FD6AF900437A28 /* ViewController.h */ = {isa = PBXFileReference; lastKnownFileType = sourcecode.c.h; path = ViewController.h; sourceTree = "<group>"; };
		E6781FA923FD6AF900437A28 /* ViewController.m */ = {isa = PBXFileReference; lastKnownFileType = sourcecode.c.objc; path = ViewController.m; sourceTree = "<group>"; };
		E6781FAC23FD6AF900437A28 /* Base */ = {isa = PBXFileReference; lastKnownFileType = file.storyboard; name = Base; path = Base.lproj/Main.storyboard; sourceTree = "<group>"; };
		E6781FAE23FD6AFD00437A28 /* Assets.xcassets */ = {isa = PBXFileReference; lastKnownFileType = folder.assetcatalog; path = Assets.xcassets; sourceTree = "<group>"; };
		E6781FB123FD6AFD00437A28 /* Base */ = {isa = PBXFileReference; lastKnownFileType = file.storyboard; name = Base; path = Base.lproj/LaunchScreen.storyboard; sourceTree = "<group>"; };
		E6781FB323FD6AFD00437A28 /* Info.plist */ = {isa = PBXFileReference; lastKnownFileType = text.plist.xml; path = Info.plist; sourceTree = "<group>"; };
		E6781FB423FD6AFD00437A28 /* main.m */ = {isa = PBXFileReference; lastKnownFileType = sourcecode.c.objc; path = main.m; sourceTree = "<group>"; };
		E6781FBE23FD6B5600437A28 /* Dictionary+URLDictionary.h */ = {isa = PBXFileReference; lastKnownFileType = sourcecode.c.h; path = "Dictionary+URLDictionary.h"; sourceTree = "<group>"; };
		E6781FBF23FD6B5600437A28 /* Dictionary+URLDictionary.m */ = {isa = PBXFileReference; lastKnownFileType = sourcecode.c.objc; path = "Dictionary+URLDictionary.m"; sourceTree = "<group>"; };
		E6781FC123FD6BD000437A28 /* String+URLString.h */ = {isa = PBXFileReference; lastKnownFileType = sourcecode.c.h; path = "String+URLString.h"; sourceTree = "<group>"; };
		E6781FC223FD6BD000437A28 /* String+URLString.m */ = {isa = PBXFileReference; lastKnownFileType = sourcecode.c.objc; path = "String+URLString.m"; sourceTree = "<group>"; };
		E6781FC723FD786100437A28 /* HPPManager.h */ = {isa = PBXFileReference; lastKnownFileType = sourcecode.c.h; path = HPPManager.h; sourceTree = "<group>"; };
		E6781FC823FD786100437A28 /* HPPManager.m */ = {isa = PBXFileReference; lastKnownFileType = sourcecode.c.objc; path = HPPManager.m; sourceTree = "<group>"; };
		E6781FCA23FD796A00437A28 /* HPPViewController.h */ = {isa = PBXFileReference; lastKnownFileType = sourcecode.c.h; path = HPPViewController.h; sourceTree = "<group>"; };
		E6781FCB23FD796A00437A28 /* HPPViewController.m */ = {isa = PBXFileReference; lastKnownFileType = sourcecode.c.objc; path = HPPViewController.m; sourceTree = "<group>"; };
/* End PBXFileReference section */

/* Begin PBXFrameworksBuildPhase section */
		E6781F9C23FD6AF900437A28 /* Frameworks */ = {
			isa = PBXFrameworksBuildPhase;
			buildActionMask = 2147483647;
			files = (
			);
			runOnlyForDeploymentPostprocessing = 0;
		};
/* End PBXFrameworksBuildPhase section */

/* Begin PBXGroup section */
		4F148B92243618E300E51ED9 /* tools */ = {
			isa = PBXGroup;
			children = (
				E6781FBE23FD6B5600437A28 /* Dictionary+URLDictionary.h */,
				E6781FBF23FD6B5600437A28 /* Dictionary+URLDictionary.m */,
				E6781FC123FD6BD000437A28 /* String+URLString.h */,
				E6781FC223FD6BD000437A28 /* String+URLString.m */,
			);
			path = tools;
			sourceTree = "<group>";
		};
		E6781F9623FD6AF900437A28 = {
			isa = PBXGroup;
			children = (
				E6781FA123FD6AF900437A28 /* RXPiOSObjc */,
				E6781FA023FD6AF900437A28 /* Products */,
			);
			sourceTree = "<group>";
		};
		E6781FA023FD6AF900437A28 /* Products */ = {
			isa = PBXGroup;
			children = (
				E6781F9F23FD6AF900437A28 /* RXPiOSObjc.app */,
			);
			name = Products;
			sourceTree = "<group>";
		};
		E6781FA123FD6AF900437A28 /* RXPiOSObjc */ = {
			isa = PBXGroup;
			children = (
				E6781FBC23FD6B2000437A28 /* RealexComponent */,
				E6781FA223FD6AF900437A28 /* AppDelegate.h */,
				E6781FA323FD6AF900437A28 /* AppDelegate.m */,
				E6781FA823FD6AF900437A28 /* ViewController.h */,
				E6781FA923FD6AF900437A28 /* ViewController.m */,
				E6781FAB23FD6AF900437A28 /* Main.storyboard */,
				E6781FAE23FD6AFD00437A28 /* Assets.xcassets */,
				E6781FB023FD6AFD00437A28 /* LaunchScreen.storyboard */,
				E6781FB323FD6AFD00437A28 /* Info.plist */,
				E6781FB423FD6AFD00437A28 /* main.m */,
			);
			path = RXPiOSObjc;
			sourceTree = "<group>";
		};
		E6781FBC23FD6B2000437A28 /* RealexComponent */ = {
			isa = PBXGroup;
			children = (
				4F148B92243618E300E51ED9 /* tools */,
				E6781FC723FD786100437A28 /* HPPManager.h */,
				E6781FC823FD786100437A28 /* HPPManager.m */,
				E6781FCA23FD796A00437A28 /* HPPViewController.h */,
				E6781FCB23FD796A00437A28 /* HPPViewController.m */,
			);
			path = RealexComponent;
			sourceTree = "<group>";
		};
/* End PBXGroup section */

/* Begin PBXNativeTarget section */
		E6781F9E23FD6AF900437A28 /* RXPiOSObjc */ = {
			isa = PBXNativeTarget;
			buildConfigurationList = E6781FB823FD6AFD00437A28 /* Build configuration list for PBXNativeTarget "RXPiOSObjc" */;
			buildPhases = (
				E6781F9B23FD6AF900437A28 /* Sources */,
				E6781F9C23FD6AF900437A28 /* Frameworks */,
				E6781F9D23FD6AF900437A28 /* Resources */,
			);
			buildRules = (
			);
			dependencies = (
			);
			name = RXPiOSObjc;
			productName = RXPiOSObjc;
			productReference = E6781F9F23FD6AF900437A28 /* RXPiOSObjc.app */;
			productType = "com.apple.product-type.application";
		};
/* End PBXNativeTarget section */

/* Begin PBXProject section */
		E6781F9723FD6AF900437A28 /* Project object */ = {
			isa = PBXProject;
			attributes = {
				LastUpgradeCheck = 1130;
				ORGANIZATIONNAME = "Bluumi 01";
				TargetAttributes = {
					E6781F9E23FD6AF900437A28 = {
						CreatedOnToolsVersion = 11.3.1;
					};
				};
			};
			buildConfigurationList = E6781F9A23FD6AF900437A28 /* Build configuration list for PBXProject "RXPiOSObjc" */;
			compatibilityVersion = "Xcode 9.3";
			developmentRegion = en;
			hasScannedForEncodings = 0;
			knownRegions = (
				en,
				Base,
			);
			mainGroup = E6781F9623FD6AF900437A28;
			productRefGroup = E6781FA023FD6AF900437A28 /* Products */;
			projectDirPath = "";
			projectRoot = "";
			targets = (
				E6781F9E23FD6AF900437A28 /* RXPiOSObjc */,
			);
		};
/* End PBXProject section */

/* Begin PBXResourcesBuildPhase section */
		E6781F9D23FD6AF900437A28 /* Resources */ = {
			isa = PBXResourcesBuildPhase;
			buildActionMask = 2147483647;
			files = (
				E6781FB223FD6AFD00437A28 /* LaunchScreen.storyboard in Resources */,
				E6781FAF23FD6AFD00437A28 /* Assets.xcassets in Resources */,
				E6781FAD23FD6AF900437A28 /* Main.storyboard in Resources */,
			);
			runOnlyForDeploymentPostprocessing = 0;
		};
/* End PBXResourcesBuildPhase section */

/* Begin PBXSourcesBuildPhase section */
		E6781F9B23FD6AF900437A28 /* Sources */ = {
			isa = PBXSourcesBuildPhase;
			buildActionMask = 2147483647;
			files = (
				E6781FC023FD6B5600437A28 /* Dictionary+URLDictionary.m in Sources */,
				E6781FAA23FD6AF900437A28 /* ViewController.m in Sources */,
				E6781FA423FD6AF900437A28 /* AppDelegate.m in Sources */,
				E6781FB523FD6AFD00437A28 /* main.m in Sources */,
				E6781FC923FD786100437A28 /* HPPManager.m in Sources */,
				E6781FC323FD6BD000437A28 /* String+URLString.m in Sources */,
				E6781FCC23FD796A00437A28 /* HPPViewController.m in Sources */,
			);
			runOnlyForDeploymentPostprocessing = 0;
		};
/* End PBXSourcesBuildPhase section */

/* Begin PBXVariantGroup section */
		E6781FAB23FD6AF900437A28 /* Main.storyboard */ = {
			isa = PBXVariantGroup;
			children = (
				E6781FAC23FD6AF900437A28 /* Base */,
			);
			name = Main.storyboard;
			sourceTree = "<group>";
		};
		E6781FB023FD6AFD00437A28 /* LaunchScreen.storyboard */ = {
			isa = PBXVariantGroup;
			children = (
				E6781FB123FD6AFD00437A28 /* Base */,
			);
			name = LaunchScreen.storyboard;
			sourceTree = "<group>";
		};
/* End PBXVariantGroup section */

/* Begin XCBuildConfiguration section */
		E6781FB623FD6AFD00437A28 /* Debug */ = {
			isa = XCBuildConfiguration;
			buildSettings = {
				ALWAYS_SEARCH_USER_PATHS = NO;
				CLANG_ANALYZER_NONNULL = YES;
				CLANG_ANALYZER_NUMBER_OBJECT_CONVERSION = YES_AGGRESSIVE;
				CLANG_CXX_LANGUAGE_STANDARD = "gnu++14";
				CLANG_CXX_LIBRARY = "libc++";
				CLANG_ENABLE_MODULES = YES;
				CLANG_ENABLE_OBJC_ARC = YES;
				CLANG_ENABLE_OBJC_WEAK = YES;
				CLANG_WARN_BLOCK_CAPTURE_AUTORELEASING = YES;
				CLANG_WARN_BOOL_CONVERSION = YES;
				CLANG_WARN_COMMA = YES;
				CLANG_WARN_CONSTANT_CONVERSION = YES;
				CLANG_WARN_DEPRECATED_OBJC_IMPLEMENTATIONS = YES;
				CLANG_WARN_DIRECT_OBJC_ISA_USAGE = YES_ERROR;
				CLANG_WARN_DOCUMENTATION_COMMENTS = YES;
				CLANG_WARN_EMPTY_BODY = YES;
				CLANG_WARN_ENUM_CONVERSION = YES;
				CLANG_WARN_INFINITE_RECURSION = YES;
				CLANG_WARN_INT_CONVERSION = YES;
				CLANG_WARN_NON_LITERAL_NULL_CONVERSION = YES;
				CLANG_WARN_OBJC_IMPLICIT_RETAIN_SELF = YES;
				CLANG_WARN_OBJC_LITERAL_CONVERSION = YES;
				CLANG_WARN_OBJC_ROOT_CLASS = YES_ERROR;
				CLANG_WARN_RANGE_LOOP_ANALYSIS = YES;
				CLANG_WARN_STRICT_PROTOTYPES = YES;
				CLANG_WARN_SUSPICIOUS_MOVE = YES;
				CLANG_WARN_UNGUARDED_AVAILABILITY = YES_AGGRESSIVE;
				CLANG_WARN_UNREACHABLE_CODE = YES;
				CLANG_WARN__DUPLICATE_METHOD_MATCH = YES;
				COPY_PHASE_STRIP = NO;
				DEBUG_INFORMATION_FORMAT = dwarf;
				ENABLE_STRICT_OBJC_MSGSEND = YES;
				ENABLE_TESTABILITY = YES;
				GCC_C_LANGUAGE_STANDARD = gnu11;
				GCC_DYNAMIC_NO_PIC = NO;
				GCC_NO_COMMON_BLOCKS = YES;
				GCC_OPTIMIZATION_LEVEL = 0;
				GCC_PREPROCESSOR_DEFINITIONS = (
					"DEBUG=1",
					"$(inherited)",
				);
				GCC_WARN_64_TO_32_BIT_CONVERSION = YES;
				GCC_WARN_ABOUT_RETURN_TYPE = YES_ERROR;
				GCC_WARN_UNDECLARED_SELECTOR = YES;
				GCC_WARN_UNINITIALIZED_AUTOS = YES_AGGRESSIVE;
				GCC_WARN_UNUSED_FUNCTION = YES;
				GCC_WARN_UNUSED_VARIABLE = YES;
				IPHONEOS_DEPLOYMENT_TARGET = 12.0;
				MTL_ENABLE_DEBUG_INFO = INCLUDE_SOURCE;
				MTL_FAST_MATH = YES;
				ONLY_ACTIVE_ARCH = YES;
				SDKROOT = iphoneos;
			};
			name = Debug;
		};
		E6781FB723FD6AFD00437A28 /* Release */ = {
			isa = XCBuildConfiguration;
			buildSettings = {
				ALWAYS_SEARCH_USER_PATHS = NO;
				CLANG_ANALYZER_NONNULL = YES;
				CLANG_ANALYZER_NUMBER_OBJECT_CONVERSION = YES_AGGRESSIVE;
				CLANG_CXX_LANGUAGE_STANDARD = "gnu++14";
				CLANG_CXX_LIBRARY = "libc++";
				CLANG_ENABLE_MODULES = YES;
				CLANG_ENABLE_OBJC_ARC = YES;
				CLANG_ENABLE_OBJC_WEAK = YES;
				CLANG_WARN_BLOCK_CAPTURE_AUTORELEASING = YES;
				CLANG_WARN_BOOL_CONVERSION = YES;
				CLANG_WARN_COMMA = YES;
				CLANG_WARN_CONSTANT_CONVERSION = YES;
				CLANG_WARN_DEPRECATED_OBJC_IMPLEMENTATIONS = YES;
				CLANG_WARN_DIRECT_OBJC_ISA_USAGE = YES_ERROR;
				CLANG_WARN_DOCUMENTATION_COMMENTS = YES;
				CLANG_WARN_EMPTY_BODY = YES;
				CLANG_WARN_ENUM_CONVERSION = YES;
				CLANG_WARN_INFINITE_RECURSION = YES;
				CLANG_WARN_INT_CONVERSION = YES;
				CLANG_WARN_NON_LITERAL_NULL_CONVERSION = YES;
				CLANG_WARN_OBJC_IMPLICIT_RETAIN_SELF = YES;
				CLANG_WARN_OBJC_LITERAL_CONVERSION = YES;
				CLANG_WARN_OBJC_ROOT_CLASS = YES_ERROR;
				CLANG_WARN_RANGE_LOOP_ANALYSIS = YES;
				CLANG_WARN_STRICT_PROTOTYPES = YES;
				CLANG_WARN_SUSPICIOUS_MOVE = YES;
				CLANG_WARN_UNGUARDED_AVAILABILITY = YES_AGGRESSIVE;
				CLANG_WARN_UNREACHABLE_CODE = YES;
				CLANG_WARN__DUPLICATE_METHOD_MATCH = YES;
				COPY_PHASE_STRIP = NO;
				DEBUG_INFORMATION_FORMAT = "dwarf-with-dsym";
				ENABLE_NS_ASSERTIONS = NO;
				ENABLE_STRICT_OBJC_MSGSEND = YES;
				GCC_C_LANGUAGE_STANDARD = gnu11;
				GCC_NO_COMMON_BLOCKS = YES;
				GCC_WARN_64_TO_32_BIT_CONVERSION = YES;
				GCC_WARN_ABOUT_RETURN_TYPE = YES_ERROR;
				GCC_WARN_UNDECLARED_SELECTOR = YES;
				GCC_WARN_UNINITIALIZED_AUTOS = YES_AGGRESSIVE;
				GCC_WARN_UNUSED_FUNCTION = YES;
				GCC_WARN_UNUSED_VARIABLE = YES;
				IPHONEOS_DEPLOYMENT_TARGET = 12.0;
				MTL_ENABLE_DEBUG_INFO = NO;
				MTL_FAST_MATH = YES;
				SDKROOT = iphoneos;
				VALIDATE_PRODUCT = YES;
			};
			name = Release;
		};
		E6781FB923FD6AFD00437A28 /* Debug */ = {
			isa = XCBuildConfiguration;
			buildSettings = {
				ASSETCATALOG_COMPILER_APPICON_NAME = AppIcon;
				CODE_SIGN_STYLE = Manual;
				DEVELOPMENT_TEAM = "";
				INFOPLIST_FILE = RXPiOSObjc/Info.plist;
				LD_RUNPATH_SEARCH_PATHS = (
					"$(inherited)",
					"@executable_path/Frameworks",
				);
				PRODUCT_BUNDLE_IDENTIFIER = com.heliomartin.RXPiOSObjc;
				PRODUCT_NAME = "$(TARGET_NAME)";
				PROVISIONING_PROFILE_SPECIFIER = "";
				TARGETED_DEVICE_FAMILY = "1,2";
			};
			name = Debug;
		};
		E6781FBA23FD6AFD00437A28 /* Release */ = {
			isa = XCBuildConfiguration;
			buildSettings = {
				ASSETCATALOG_COMPILER_APPICON_NAME = AppIcon;
				CODE_SIGN_STYLE = Manual;
				DEVELOPMENT_TEAM = "";
				INFOPLIST_FILE = RXPiOSObjc/Info.plist;
				LD_RUNPATH_SEARCH_PATHS = (
					"$(inherited)",
					"@executable_path/Frameworks",
				);
				PRODUCT_BUNDLE_IDENTIFIER = com.heliomartin.RXPiOSObjc;
				PRODUCT_NAME = "$(TARGET_NAME)";
				PROVISIONING_PROFILE_SPECIFIER = "";
				TARGETED_DEVICE_FAMILY = "1,2";
			};
			name = Release;
		};
/* End XCBuildConfiguration section */

/* Begin XCConfigurationList section */
		E6781F9A23FD6AF900437A28 /* Build configuration list for PBXProject "RXPiOSObjc" */ = {
			isa = XCConfigurationList;
			buildConfigurations = (
				E6781FB623FD6AFD00437A28 /* Debug */,
				E6781FB723FD6AFD00437A28 /* Release */,
			);
			defaultConfigurationIsVisible = 0;
			defaultConfigurationName = Release;
		};
		E6781FB823FD6AFD00437A28 /* Build configuration list for PBXNativeTarget "RXPiOSObjc" */ = {
			isa = XCConfigurationList;
			buildConfigurations = (
				E6781FB923FD6AFD00437A28 /* Debug */,
				E6781FBA23FD6AFD00437A28 /* Release */,
			);
			defaultConfigurationIsVisible = 0;
			defaultConfigurationName = Release;
		};
/* End XCConfigurationList section */
	};
	rootObject = E6781F9723FD6AF900437A28 /* Project object */;
}
